
Microsoft Visual Studio Solution File, Format Version 12.00
# Visual Studio 15
VisualStudioVersion = 15.0.28307.489
MinimumVisualStudioVersion = 10.0.40219.1
Project("{9A19103F-16F7-4668-BE54-9A1E7A4F7556}") = "coordinator", "coordinator\coordinator.csproj", "{909D4757-9F5E-407F-B530-1388543FF582}"
EndProject
Project("{9A19103F-16F7-4668-BE54-9A1E7A4F7556}") = "worker", "worker\worker.csproj", "{FC7C7F92-78E9-4866-B387-6942F49D8BF8}"
EndProject
Project("{9A19103F-16F7-4668-BE54-9A1E7A4F7556}") = "coordinator.tests", "coordinator.tests\coordinator.tests.csproj", "{77460961-50F8-4E7F-8E21-01E76E0D4EE6}"
EndProject
Project("{FAE04EC0-301F-11D3-BF4B-00C04F79EFBC}") = "coordinator.acceptancetests", "coordinator.acceptancetests\coordinator.acceptancetests.csproj", "{8B4A7839-9D7A-4B6B-95AE-5C7E0DD523A5}"
EndProject
Global
	GlobalSection(SolutionConfigurationPlatforms) = preSolution
		Debug|Any CPU = Debug|Any CPU
		Release|Any CPU = Release|Any CPU
	EndGlobalSection
	GlobalSection(ProjectConfigurationPlatforms) = postSolution
		{909D4757-9F5E-407F-B530-1388543FF582}.Debug|Any CPU.ActiveCfg = Debug|Any CPU
		{909D4757-9F5E-407F-B530-1388543FF582}.Debug|Any CPU.Build.0 = Debug|Any CPU
		{909D4757-9F5E-407F-B530-1388543FF582}.Release|Any CPU.ActiveCfg = Release|Any CPU
		{909D4757-9F5E-407F-B530-1388543FF582}.Release|Any CPU.Build.0 = Release|Any CPU
		{FC7C7F92-78E9-4866-B387-6942F49D8BF8}.Debug|Any CPU.ActiveCfg = Debug|Any CPU
		{FC7C7F92-78E9-4866-B387-6942F49D8BF8}.Debug|Any CPU.Build.0 = Debug|Any CPU
		{FC7C7F92-78E9-4866-B387-6942F49D8BF8}.Release|Any CPU.ActiveCfg = Release|Any CPU
		{FC7C7F92-78E9-4866-B387-6942F49D8BF8}.Release|Any CPU.Build.0 = Release|Any CPU
		{77460961-50F8-4E7F-8E21-01E76E0D4EE6}.Debug|Any CPU.ActiveCfg = Debug|Any CPU
		{77460961-50F8-4E7F-8E21-01E76E0D4EE6}.Debug|Any CPU.Build.0 = Debug|Any CPU
		{77460961-50F8-4E7F-8E21-01E76E0D4EE6}.Release|Any CPU.ActiveCfg = Release|Any CPU
		{77460961-50F8-4E7F-8E21-01E76E0D4EE6}.Release|Any CPU.Build.0 = Release|Any CPU
		{8B4A7839-9D7A-4B6B-95AE-5C7E0DD523A5}.Debug|Any CPU.ActiveCfg = Debug|Any CPU
		{8B4A7839-9D7A-4B6B-95AE-5C7E0DD523A5}.Debug|Any CPU.Build.0 = Debug|Any CPU
		{8B4A7839-9D7A-4B6B-95AE-5C7E0DD523A5}.Release|Any CPU.ActiveCfg = Release|Any CPU
		{8B4A7839-9D7A-4B6B-95AE-5C7E0DD523A5}.Release|Any CPU.Build.0 = Release|Any CPU
	EndGlobalSection
	GlobalSection(SolutionProperties) = preSolution
		HideSolutionNode = FALSE
	EndGlobalSection
	GlobalSection(ExtensibilityGlobals) = postSolution
		SolutionGuid = {6DD0F225-C225-40A5-8561-456C507DA99A}
	EndGlobalSection
EndGlobal
